
Microsoft Visual Studio Solution File, Format Version 12.00
# Visual Studio Version 16
VisualStudioVersion = 16.0.29411.108
MinimumVisualStudioVersion = 10.0.40219.1
Project("{FAE04EC0-301F-11D3-BF4B-00C04F79EFBC}") = "Zork", "Zork\Zork.csproj", "{D6359625-60F2-4F5F-9C40-30821EA81A61}"
EndProject
Global
	GlobalSection(SolutionConfigurationPlatforms) = preSolution
		Debug|Any CPU = Debug|Any CPU
		Release|Any CPU = Release|Any CPU
	EndGlobalSection
	GlobalSection(ProjectConfigurationPlatforms) = postSolution
		{D6359625-60F2-4F5F-9C40-30821EA81A61}.Debug|Any CPU.ActiveCfg = Debug|Any CPU
		{D6359625-60F2-4F5F-9C40-30821EA81A61}.Debug|Any CPU.Build.0 = Debug|Any CPU
		{D6359625-60F2-4F5F-9C40-30821EA81A61}.Release|Any CPU.ActiveCfg = Release|Any CPU
		{D6359625-60F2-4F5F-9C40-30821EA81A61}.Release|Any CPU.Build.0 = Release|Any CPU
	EndGlobalSection
	GlobalSection(SolutionProperties) = preSolution
		HideSolutionNode = FALSE
	EndGlobalSection
	GlobalSection(ExtensibilityGlobals) = postSolution
		SolutionGuid = {C45CF6E8-4253-42A4-A737-A9A9EBCC6E04}
	EndGlobalSection
EndGlobal
